
Microsoft Visual Studio Solution File, Format Version 11.00
# Visual Studio 2010
Project("{FAE04EC0-301F-11D3-BF4B-00C04F79EFBC}") = "VR_DOMES", "Assembly-CSharp.csproj", "{425AF5AC-F92C-1213-520C-D6F8A86673B9}"
EndProject
Project("{FAE04EC0-301F-11D3-BF4B-00C04F79EFBC}") = "VR_DOMES", "Assembly-CSharp-Editor.csproj", "{ECBA806B-D195-A150-3DE4-A008B1A73E04}"
EndProject
Global
	GlobalSection(SolutionConfigurationPlatforms) = preSolution
		Debug|Any CPU = Debug|Any CPU
		Release|Any CPU = Release|Any CPU
	EndGlobalSection
	GlobalSection(ProjectConfigurationPlatforms) = postSolution
		{425AF5AC-F92C-1213-520C-D6F8A86673B9}.Debug|Any CPU.ActiveCfg = Debug|Any CPU
		{425AF5AC-F92C-1213-520C-D6F8A86673B9}.Debug|Any CPU.Build.0 = Debug|Any CPU
		{425AF5AC-F92C-1213-520C-D6F8A86673B9}.Release|Any CPU.ActiveCfg = Release|Any CPU
		{425AF5AC-F92C-1213-520C-D6F8A86673B9}.Release|Any CPU.Build.0 = Release|Any CPU
		{ECBA806B-D195-A150-3DE4-A008B1A73E04}.Debug|Any CPU.ActiveCfg = Debug|Any CPU
		{ECBA806B-D195-A150-3DE4-A008B1A73E04}.Debug|Any CPU.Build.0 = Debug|Any CPU
		{ECBA806B-D195-A150-3DE4-A008B1A73E04}.Release|Any CPU.ActiveCfg = Release|Any CPU
		{ECBA806B-D195-A150-3DE4-A008B1A73E04}.Release|Any CPU.Build.0 = Release|Any CPU
	EndGlobalSection
	GlobalSection(SolutionProperties) = preSolution
		HideSolutionNode = FALSE
	EndGlobalSection
	GlobalSection(MonoDevelopProperties) = preSolution
		StartupItem = Assembly-CSharp.csproj
	EndGlobalSection
EndGlobal
